
Microsoft Visual Studio Solution File, Format Version 12.00
# Visual Studio Version 17
VisualStudioVersion = 17.9.34701.34
MinimumVisualStudioVersion = 10.0.40219.1
Project("{FAE04EC0-301F-11D3-BF4B-00C04F79EFBC}") = "Mio-Coffee_WebShop", "Mio-Coffee_WebShop\Mio-Coffee_WebShop.csproj", "{196173E4-E9A6-4101-88AD-78C39BAAE25A}"
EndProject
Global
	GlobalSection(SolutionConfigurationPlatforms) = preSolution
		Debug|Any CPU = Debug|Any CPU
		Release|Any CPU = Release|Any CPU
	EndGlobalSection
	GlobalSection(ProjectConfigurationPlatforms) = postSolution
		{196173E4-E9A6-4101-88AD-78C39BAAE25A}.Debug|Any CPU.ActiveCfg = Debug|Any CPU
		{196173E4-E9A6-4101-88AD-78C39BAAE25A}.Debug|Any CPU.Build.0 = Debug|Any CPU
		{196173E4-E9A6-4101-88AD-78C39BAAE25A}.Release|Any CPU.ActiveCfg = Release|Any CPU
		{196173E4-E9A6-4101-88AD-78C39BAAE25A}.Release|Any CPU.Build.0 = Release|Any CPU
	EndGlobalSection
	GlobalSection(SolutionProperties) = preSolution
		HideSolutionNode = FALSE
	EndGlobalSection
	GlobalSection(ExtensibilityGlobals) = postSolution
		SolutionGuid = {152F2B84-7517-4A82-8E11-71F133C99FCE}
	EndGlobalSection
EndGlobal
